// !$*UTF8*$!
{
	archiveVersion = 1;
	classes = {
	};
	objectVersion = 46;
	objects = {

/* Begin PBXBuildFile section */
		ED12B7591AE3FE72002F536F /* main.m in Sources */ = {isa = PBXBuildFile; fileRef = ED12B7581AE3FE72002F536F /* main.m */; };
		ED12B75C1AE3FE72002F536F /* AppDelegate.m in Sources */ = {isa = PBXBuildFile; fileRef = ED12B75B1AE3FE72002F536F /* AppDelegate.m */; };
		ED12B7641AE3FE72002F536F /* Images.xcassets in Resources */ = {isa = PBXBuildFile; fileRef = ED12B7631AE3FE72002F536F /* Images.xcassets */; };
		ED12B7671AE3FE72002F536F /* LaunchScreen.xib in Resources */ = {isa = PBXBuildFile; fileRef = ED12B7651AE3FE72002F536F /* LaunchScreen.xib */; };
		ED12B7731AE3FE72002F536F /* HackerBooksTests.m in Sources */ = {isa = PBXBuildFile; fileRef = ED12B7721AE3FE72002F536F /* HackerBooksTests.m */; };
		ED5CB2A01AE457EF0003EF0E /* _FLAnnotation.m in Sources */ = {isa = PBXBuildFile; fileRef = ED5CB2711AE457EF0003EF0E /* _FLAnnotation.m */; };
		ED5CB2A11AE457EF0003EF0E /* _FLAuthor.m in Sources */ = {isa = PBXBuildFile; fileRef = ED5CB2731AE457EF0003EF0E /* _FLAuthor.m */; };
		ED5CB2A21AE457EF0003EF0E /* _FLBook.m in Sources */ = {isa = PBXBuildFile; fileRef = ED5CB2751AE457EF0003EF0E /* _FLBook.m */; };
		ED5CB2A31AE457EF0003EF0E /* _FLBookDetailAuthor.m in Sources */ = {isa = PBXBuildFile; fileRef = ED5CB2771AE457EF0003EF0E /* _FLBookDetailAuthor.m */; };
		ED5CB2A41AE457EF0003EF0E /* _FLBookDetailTag.m in Sources */ = {isa = PBXBuildFile; fileRef = ED5CB2791AE457EF0003EF0E /* _FLBookDetailTag.m */; };
		ED5CB2A51AE457EF0003EF0E /* _FLLocation.m in Sources */ = {isa = PBXBuildFile; fileRef = ED5CB27B1AE457EF0003EF0E /* _FLLocation.m */; };
		ED5CB2A61AE457EF0003EF0E /* _FLPdf.m in Sources */ = {isa = PBXBuildFile; fileRef = ED5CB27D1AE457EF0003EF0E /* _FLPdf.m */; };
		ED5CB2A71AE457EF0003EF0E /* _FLPhoto.m in Sources */ = {isa = PBXBuildFile; fileRef = ED5CB27F1AE457EF0003EF0E /* _FLPhoto.m */; };
		ED5CB2A81AE457EF0003EF0E /* _FLTag.m in Sources */ = {isa = PBXBuildFile; fileRef = ED5CB2811AE457EF0003EF0E /* _FLTag.m */; };
		ED5CB2AD1AE457EF0003EF0E /* FLAnnotation.m in Sources */ = {isa = PBXBuildFile; fileRef = ED5CB28B1AE457EF0003EF0E /* FLAnnotation.m */; };
		ED5CB2AE1AE457EF0003EF0E /* FLAuthor.m in Sources */ = {isa = PBXBuildFile; fileRef = ED5CB28D1AE457EF0003EF0E /* FLAuthor.m */; };
		ED5CB2AF1AE457EF0003EF0E /* FLBook.m in Sources */ = {isa = PBXBuildFile; fileRef = ED5CB28F1AE457EF0003EF0E /* FLBook.m */; };
		ED5CB2B01AE457EF0003EF0E /* FLBookDetailAuthor.m in Sources */ = {isa = PBXBuildFile; fileRef = ED5CB2911AE457EF0003EF0E /* FLBookDetailAuthor.m */; };
		ED5CB2B11AE457EF0003EF0E /* FLBookDetailTag.m in Sources */ = {isa = PBXBuildFile; fileRef = ED5CB2931AE457EF0003EF0E /* FLBookDetailTag.m */; };
		ED5CB2B21AE457EF0003EF0E /* FLHackerBookBaseClass.m in Sources */ = {isa = PBXBuildFile; fileRef = ED5CB2951AE457EF0003EF0E /* FLHackerBookBaseClass.m */; };
		ED5CB2B31AE457EF0003EF0E /* FLLocation.m in Sources */ = {isa = PBXBuildFile; fileRef = ED5CB2971AE457EF0003EF0E /* FLLocation.m */; };
		ED5CB2B41AE457EF0003EF0E /* FLPdf.m in Sources */ = {isa = PBXBuildFile; fileRef = ED5CB2991AE457EF0003EF0E /* FLPdf.m */; };
		ED5CB2B51AE457EF0003EF0E /* FLPhoto.m in Sources */ = {isa = PBXBuildFile; fileRef = ED5CB29B1AE457EF0003EF0E /* FLPhoto.m */; };
		ED5CB2B61AE457EF0003EF0E /* FLTag.m in Sources */ = {isa = PBXBuildFile; fileRef = ED5CB29D1AE457EF0003EF0E /* FLTag.m */; };
		ED5CB2B71AE457EF0003EF0E /* Model.xcdatamodeld in Sources */ = {isa = PBXBuildFile; fileRef = ED5CB29E1AE457EF0003EF0E /* Model.xcdatamodeld */; };
		ED5CB2BC1AE458560003EF0E /* FLBooksTableViewController.m in Sources */ = {isa = PBXBuildFile; fileRef = ED5CB2BB1AE458560003EF0E /* FLBooksTableViewController.m */; };
		ED5CB2CA1AE46C300003EF0E /* FLBookTableViewCell.m in Sources */ = {isa = PBXBuildFile; fileRef = ED5CB2C51AE46C300003EF0E /* FLBookTableViewCell.m */; };
		ED5CB2CB1AE46C300003EF0E /* FLBookTableViewCell.xib in Resources */ = {isa = PBXBuildFile; fileRef = ED5CB2C61AE46C300003EF0E /* FLBookTableViewCell.xib */; };
		ED5CB2D01AE46CED0003EF0E /* ebook-icon.png in Resources */ = {isa = PBXBuildFile; fileRef = ED5CB2CF1AE46CED0003EF0E /* ebook-icon.png */; };
		ED7D4A901AE59CAF0077A8DB /* generic_book_cover_0.jpg in Resources */ = {isa = PBXBuildFile; fileRef = ED7D4A8F1AE59CAF0077A8DB /* generic_book_cover_0.jpg */; };
		ED7D4A941AE5A0400077A8DB /* FLBookViewController.m in Sources */ = {isa = PBXBuildFile; fileRef = ED7D4A921AE5A0400077A8DB /* FLBookViewController.m */; };
		ED7D4A951AE5A0400077A8DB /* FLBookViewController.xib in Resources */ = {isa = PBXBuildFile; fileRef = ED7D4A931AE5A0400077A8DB /* FLBookViewController.xib */; };
		EDE2E3EB1AE6A66500B81BD6 /* AGTCoreDataCollectionViewController.m in Sources */ = {isa = PBXBuildFile; fileRef = EDE2E3E41AE6A66500B81BD6 /* AGTCoreDataCollectionViewController.m */; };
		EDE2E3EC1AE6A66500B81BD6 /* AGTCoreDataStack.m in Sources */ = {isa = PBXBuildFile; fileRef = EDE2E3E61AE6A66500B81BD6 /* AGTCoreDataStack.m */; };
		EDE2E3ED1AE6A66500B81BD6 /* AGTCoreDataTableViewController.m in Sources */ = {isa = PBXBuildFile; fileRef = EDE2E3E81AE6A66500B81BD6 /* AGTCoreDataTableViewController.m */; };
		EDE2E3EE1AE6A66500B81BD6 /* AGTEntityObserver.m in Sources */ = {isa = PBXBuildFile; fileRef = EDE2E3EA1AE6A66500B81BD6 /* AGTEntityObserver.m */; };
		EDE2E3F11AE6A67D00B81BD6 /* AGTAsyncImage.m in Sources */ = {isa = PBXBuildFile; fileRef = EDE2E3F01AE6A67D00B81BD6 /* AGTAsyncImage.m */; };
		EDE2E3F81AE6E63C00B81BD6 /* FLAnnotationViewController.m in Sources */ = {isa = PBXBuildFile; fileRef = EDE2E3F61AE6E63C00B81BD6 /* FLAnnotationViewController.m */; };
		EDE2E3F91AE6E63C00B81BD6 /* FLAnnotationViewController.xib in Resources */ = {isa = PBXBuildFile; fileRef = EDE2E3F71AE6E63C00B81BD6 /* FLAnnotationViewController.xib */; };
		EDE2E3FB1AE6EA0D00B81BD6 /* MapKit.framework in Frameworks */ = {isa = PBXBuildFile; fileRef = EDE2E3FA1AE6EA0D00B81BD6 /* MapKit.framework */; };
/* End PBXBuildFile section */

/* Begin PBXContainerItemProxy section */
		ED12B76D1AE3FE72002F536F /* PBXContainerItemProxy */ = {
			isa = PBXContainerItemProxy;
			containerPortal = ED12B74B1AE3FE72002F536F /* Project object */;
			proxyType = 1;
			remoteGlobalIDString = ED12B7521AE3FE72002F536F;
			remoteInfo = HackerBooks;
		};
/* End PBXContainerItemProxy section */

/* Begin PBXFileReference section */
		ED12B7531AE3FE72002F536F /* HackerBooks.app */ = {isa = PBXFileReference; explicitFileType = wrapper.application; includeInIndex = 0; path = HackerBooks.app; sourceTree = BUILT_PRODUCTS_DIR; };
		ED12B7571AE3FE72002F536F /* Info.plist */ = {isa = PBXFileReference; lastKnownFileType = text.plist.xml; path = Info.plist; sourceTree = "<group>"; };
		ED12B7581AE3FE72002F536F /* main.m */ = {isa = PBXFileReference; lastKnownFileType = sourcecode.c.objc; path = main.m; sourceTree = "<group>"; };
		ED12B75A1AE3FE72002F536F /* AppDelegate.h */ = {isa = PBXFileReference; lastKnownFileType = sourcecode.c.h; path = AppDelegate.h; sourceTree = "<group>"; };
		ED12B75B1AE3FE72002F536F /* AppDelegate.m */ = {isa = PBXFileReference; lastKnownFileType = sourcecode.c.objc; path = AppDelegate.m; sourceTree = "<group>"; };
		ED12B7631AE3FE72002F536F /* Images.xcassets */ = {isa = PBXFileReference; lastKnownFileType = folder.assetcatalog; path = Images.xcassets; sourceTree = "<group>"; };
		ED12B7661AE3FE72002F536F /* Base */ = {isa = PBXFileReference; lastKnownFileType = file.xib; name = Base; path = Base.lproj/LaunchScreen.xib; sourceTree = "<group>"; };
		ED12B76C1AE3FE72002F536F /* HackerBooksTests.xctest */ = {isa = PBXFileReference; explicitFileType = wrapper.cfbundle; includeInIndex = 0; path = HackerBooksTests.xctest; sourceTree = BUILT_PRODUCTS_DIR; };
		ED12B7711AE3FE72002F536F /* Info.plist */ = {isa = PBXFileReference; lastKnownFileType = text.plist.xml; path = Info.plist; sourceTree = "<group>"; };
		ED12B7721AE3FE72002F536F /* HackerBooksTests.m */ = {isa = PBXFileReference; lastKnownFileType = sourcecode.c.objc; path = HackerBooksTests.m; sourceTree = "<group>"; };
		ED12B7F61AE4245F002F536F /* Settings.h */ = {isa = PBXFileReference; lastKnownFileType = sourcecode.c.h; path = Settings.h; sourceTree = "<group>"; };
		ED5CB2701AE457EF0003EF0E /* _FLAnnotation.h */ = {isa = PBXFileReference; fileEncoding = 4; lastKnownFileType = sourcecode.c.h; path = _FLAnnotation.h; sourceTree = "<group>"; };
		ED5CB2711AE457EF0003EF0E /* _FLAnnotation.m */ = {isa = PBXFileReference; fileEncoding = 4; lastKnownFileType = sourcecode.c.objc; path = _FLAnnotation.m; sourceTree = "<group>"; };
		ED5CB2721AE457EF0003EF0E /* _FLAuthor.h */ = {isa = PBXFileReference; fileEncoding = 4; lastKnownFileType = sourcecode.c.h; path = _FLAuthor.h; sourceTree = "<group>"; };
		ED5CB2731AE457EF0003EF0E /* _FLAuthor.m */ = {isa = PBXFileReference; fileEncoding = 4; lastKnownFileType = sourcecode.c.objc; path = _FLAuthor.m; sourceTree = "<group>"; };
		ED5CB2741AE457EF0003EF0E /* _FLBook.h */ = {isa = PBXFileReference; fileEncoding = 4; lastKnownFileType = sourcecode.c.h; path = _FLBook.h; sourceTree = "<group>"; };
		ED5CB2751AE457EF0003EF0E /* _FLBook.m */ = {isa = PBXFileReference; fileEncoding = 4; lastKnownFileType = sourcecode.c.objc; path = _FLBook.m; sourceTree = "<group>"; };
		ED5CB2761AE457EF0003EF0E /* _FLBookDetailAuthor.h */ = {isa = PBXFileReference; fileEncoding = 4; lastKnownFileType = sourcecode.c.h; path = _FLBookDetailAuthor.h; sourceTree = "<group>"; };
		ED5CB2771AE457EF0003EF0E /* _FLBookDetailAuthor.m */ = {isa = PBXFileReference; fileEncoding = 4; lastKnownFileType = sourcecode.c.objc; path = _FLBookDetailAuthor.m; sourceTree = "<group>"; };
		ED5CB2781AE457EF0003EF0E /* _FLBookDetailTag.h */ = {isa = PBXFileReference; fileEncoding = 4; lastKnownFileType = sourcecode.c.h; path = _FLBookDetailTag.h; sourceTree = "<group>"; };
		ED5CB2791AE457EF0003EF0E /* _FLBookDetailTag.m */ = {isa = PBXFileReference; fileEncoding = 4; lastKnownFileType = sourcecode.c.objc; path = _FLBookDetailTag.m; sourceTree = "<group>"; };
		ED5CB27A1AE457EF0003EF0E /* _FLLocation.h */ = {isa = PBXFileReference; fileEncoding = 4; lastKnownFileType = sourcecode.c.h; path = _FLLocation.h; sourceTree = "<group>"; };
		ED5CB27B1AE457EF0003EF0E /* _FLLocation.m */ = {isa = PBXFileReference; fileEncoding = 4; lastKnownFileType = sourcecode.c.objc; path = _FLLocation.m; sourceTree = "<group>"; };
		ED5CB27C1AE457EF0003EF0E /* _FLPdf.h */ = {isa = PBXFileReference; fileEncoding = 4; lastKnownFileType = sourcecode.c.h; path = _FLPdf.h; sourceTree = "<group>"; };
		ED5CB27D1AE457EF0003EF0E /* _FLPdf.m */ = {isa = PBXFileReference; fileEncoding = 4; lastKnownFileType = sourcecode.c.objc; path = _FLPdf.m; sourceTree = "<group>"; };
		ED5CB27E1AE457EF0003EF0E /* _FLPhoto.h */ = {isa = PBXFileReference; fileEncoding = 4; lastKnownFileType = sourcecode.c.h; path = _FLPhoto.h; sourceTree = "<group>"; };
		ED5CB27F1AE457EF0003EF0E /* _FLPhoto.m */ = {isa = PBXFileReference; fileEncoding = 4; lastKnownFileType = sourcecode.c.objc; path = _FLPhoto.m; sourceTree = "<group>"; };
		ED5CB2801AE457EF0003EF0E /* _FLTag.h */ = {isa = PBXFileReference; fileEncoding = 4; lastKnownFileType = sourcecode.c.h; path = _FLTag.h; sourceTree = "<group>"; };
		ED5CB2811AE457EF0003EF0E /* _FLTag.m */ = {isa = PBXFileReference; fileEncoding = 4; lastKnownFileType = sourcecode.c.objc; path = _FLTag.m; sourceTree = "<group>"; };
		ED5CB28A1AE457EF0003EF0E /* FLAnnotation.h */ = {isa = PBXFileReference; fileEncoding = 4; lastKnownFileType = sourcecode.c.h; path = FLAnnotation.h; sourceTree = "<group>"; };
		ED5CB28B1AE457EF0003EF0E /* FLAnnotation.m */ = {isa = PBXFileReference; fileEncoding = 4; lastKnownFileType = sourcecode.c.objc; path = FLAnnotation.m; sourceTree = "<group>"; };
		ED5CB28C1AE457EF0003EF0E /* FLAuthor.h */ = {isa = PBXFileReference; fileEncoding = 4; lastKnownFileType = sourcecode.c.h; path = FLAuthor.h; sourceTree = "<group>"; };
		ED5CB28D1AE457EF0003EF0E /* FLAuthor.m */ = {isa = PBXFileReference; fileEncoding = 4; lastKnownFileType = sourcecode.c.objc; path = FLAuthor.m; sourceTree = "<group>"; };
		ED5CB28E1AE457EF0003EF0E /* FLBook.h */ = {isa = PBXFileReference; fileEncoding = 4; lastKnownFileType = sourcecode.c.h; path = FLBook.h; sourceTree = "<group>"; };
		ED5CB28F1AE457EF0003EF0E /* FLBook.m */ = {isa = PBXFileReference; fileEncoding = 4; lastKnownFileType = sourcecode.c.objc; path = FLBook.m; sourceTree = "<group>"; };
		ED5CB2901AE457EF0003EF0E /* FLBookDetailAuthor.h */ = {isa = PBXFileReference; fileEncoding = 4; lastKnownFileType = sourcecode.c.h; path = FLBookDetailAuthor.h; sourceTree = "<group>"; };
		ED5CB2911AE457EF0003EF0E /* FLBookDetailAuthor.m */ = {isa = PBXFileReference; fileEncoding = 4; lastKnownFileType = sourcecode.c.objc; path = FLBookDetailAuthor.m; sourceTree = "<group>"; };
		ED5CB2921AE457EF0003EF0E /* FLBookDetailTag.h */ = {isa = PBXFileReference; fileEncoding = 4; lastKnownFileType = sourcecode.c.h; path = FLBookDetailTag.h; sourceTree = "<group>"; };
		ED5CB2931AE457EF0003EF0E /* FLBookDetailTag.m */ = {isa = PBXFileReference; fileEncoding = 4; lastKnownFileType = sourcecode.c.objc; path = FLBookDetailTag.m; sourceTree = "<group>"; };
		ED5CB2941AE457EF0003EF0E /* FLHackerBookBaseClass.h */ = {isa = PBXFileReference; fileEncoding = 4; lastKnownFileType = sourcecode.c.h; path = FLHackerBookBaseClass.h; sourceTree = "<group>"; };
		ED5CB2951AE457EF0003EF0E /* FLHackerBookBaseClass.m */ = {isa = PBXFileReference; fileEncoding = 4; lastKnownFileType = sourcecode.c.objc; path = FLHackerBookBaseClass.m; sourceTree = "<group>"; };
		ED5CB2961AE457EF0003EF0E /* FLLocation.h */ = {isa = PBXFileReference; fileEncoding = 4; lastKnownFileType = sourcecode.c.h; path = FLLocation.h; sourceTree = "<group>"; };
		ED5CB2971AE457EF0003EF0E /* FLLocation.m */ = {isa = PBXFileReference; fileEncoding = 4; lastKnownFileType = sourcecode.c.objc; path = FLLocation.m; sourceTree = "<group>"; };
		ED5CB2981AE457EF0003EF0E /* FLPdf.h */ = {isa = PBXFileReference; fileEncoding = 4; lastKnownFileType = sourcecode.c.h; path = FLPdf.h; sourceTree = "<group>"; };
		ED5CB2991AE457EF0003EF0E /* FLPdf.m */ = {isa = PBXFileReference; fileEncoding = 4; lastKnownFileType = sourcecode.c.objc; path = FLPdf.m; sourceTree = "<group>"; };
		ED5CB29A1AE457EF0003EF0E /* FLPhoto.h */ = {isa = PBXFileReference; fileEncoding = 4; lastKnownFileType = sourcecode.c.h; path = FLPhoto.h; sourceTree = "<group>"; };
		ED5CB29B1AE457EF0003EF0E /* FLPhoto.m */ = {isa = PBXFileReference; fileEncoding = 4; lastKnownFileType = sourcecode.c.objc; path = FLPhoto.m; sourceTree = "<group>"; };
		ED5CB29C1AE457EF0003EF0E /* FLTag.h */ = {isa = PBXFileReference; fileEncoding = 4; lastKnownFileType = sourcecode.c.h; path = FLTag.h; sourceTree = "<group>"; };
		ED5CB29D1AE457EF0003EF0E /* FLTag.m */ = {isa = PBXFileReference; fileEncoding = 4; lastKnownFileType = sourcecode.c.objc; path = FLTag.m; sourceTree = "<group>"; };
		ED5CB29F1AE457EF0003EF0E /* Model.xcdatamodel */ = {isa = PBXFileReference; lastKnownFileType = wrapper.xcdatamodel; path = Model.xcdatamodel; sourceTree = "<group>"; };
		ED5CB2BA1AE458560003EF0E /* FLBooksTableViewController.h */ = {isa = PBXFileReference; fileEncoding = 4; lastKnownFileType = sourcecode.c.h; path = FLBooksTableViewController.h; sourceTree = "<group>"; };
		ED5CB2BB1AE458560003EF0E /* FLBooksTableViewController.m */ = {isa = PBXFileReference; fileEncoding = 4; lastKnownFileType = sourcecode.c.objc; path = FLBooksTableViewController.m; sourceTree = "<group>"; };
		ED5CB2C41AE46C300003EF0E /* FLBookTableViewCell.h */ = {isa = PBXFileReference; fileEncoding = 4; lastKnownFileType = sourcecode.c.h; path = FLBookTableViewCell.h; sourceTree = "<group>"; };
		ED5CB2C51AE46C300003EF0E /* FLBookTableViewCell.m */ = {isa = PBXFileReference; fileEncoding = 4; lastKnownFileType = sourcecode.c.objc; path = FLBookTableViewCell.m; sourceTree = "<group>"; };
		ED5CB2C61AE46C300003EF0E /* FLBookTableViewCell.xib */ = {isa = PBXFileReference; fileEncoding = 4; lastKnownFileType = file.xib; path = FLBookTableViewCell.xib; sourceTree = "<group>"; };
		ED5CB2CF1AE46CED0003EF0E /* ebook-icon.png */ = {isa = PBXFileReference; lastKnownFileType = image.png; path = "ebook-icon.png"; sourceTree = "<group>"; };
		ED7D4A8F1AE59CAF0077A8DB /* generic_book_cover_0.jpg */ = {isa = PBXFileReference; lastKnownFileType = image.jpeg; path = generic_book_cover_0.jpg; sourceTree = "<group>"; };
		ED7D4A911AE5A0400077A8DB /* FLBookViewController.h */ = {isa = PBXFileReference; fileEncoding = 4; lastKnownFileType = sourcecode.c.h; path = FLBookViewController.h; sourceTree = "<group>"; };
		ED7D4A921AE5A0400077A8DB /* FLBookViewController.m */ = {isa = PBXFileReference; fileEncoding = 4; lastKnownFileType = sourcecode.c.objc; path = FLBookViewController.m; sourceTree = "<group>"; };
		ED7D4A931AE5A0400077A8DB /* FLBookViewController.xib */ = {isa = PBXFileReference; fileEncoding = 4; lastKnownFileType = file.xib; path = FLBookViewController.xib; sourceTree = "<group>"; };
		EDE2E3E31AE6A66500B81BD6 /* AGTCoreDataCollectionViewController.h */ = {isa = PBXFileReference; fileEncoding = 4; lastKnownFileType = sourcecode.c.h; path = AGTCoreDataCollectionViewController.h; sourceTree = "<group>"; };
		EDE2E3E41AE6A66500B81BD6 /* AGTCoreDataCollectionViewController.m */ = {isa = PBXFileReference; fileEncoding = 4; lastKnownFileType = sourcecode.c.objc; path = AGTCoreDataCollectionViewController.m; sourceTree = "<group>"; };
		EDE2E3E51AE6A66500B81BD6 /* AGTCoreDataStack.h */ = {isa = PBXFileReference; fileEncoding = 4; lastKnownFileType = sourcecode.c.h; path = AGTCoreDataStack.h; sourceTree = "<group>"; };
		EDE2E3E61AE6A66500B81BD6 /* AGTCoreDataStack.m */ = {isa = PBXFileReference; fileEncoding = 4; lastKnownFileType = sourcecode.c.objc; path = AGTCoreDataStack.m; sourceTree = "<group>"; };
		EDE2E3E71AE6A66500B81BD6 /* AGTCoreDataTableViewController.h */ = {isa = PBXFileReference; fileEncoding = 4; lastKnownFileType = sourcecode.c.h; path = AGTCoreDataTableViewController.h; sourceTree = "<group>"; };
		EDE2E3E81AE6A66500B81BD6 /* AGTCoreDataTableViewController.m */ = {isa = PBXFileReference; fileEncoding = 4; lastKnownFileType = sourcecode.c.objc; path = AGTCoreDataTableViewController.m; sourceTree = "<group>"; };
		EDE2E3E91AE6A66500B81BD6 /* AGTEntityObserver.h */ = {isa = PBXFileReference; fileEncoding = 4; lastKnownFileType = sourcecode.c.h; path = AGTEntityObserver.h; sourceTree = "<group>"; };
		EDE2E3EA1AE6A66500B81BD6 /* AGTEntityObserver.m */ = {isa = PBXFileReference; fileEncoding = 4; lastKnownFileType = sourcecode.c.objc; path = AGTEntityObserver.m; sourceTree = "<group>"; };
		EDE2E3EF1AE6A67D00B81BD6 /* AGTAsyncImage.h */ = {isa = PBXFileReference; fileEncoding = 4; lastKnownFileType = sourcecode.c.h; path = AGTAsyncImage.h; sourceTree = "<group>"; };
		EDE2E3F01AE6A67D00B81BD6 /* AGTAsyncImage.m */ = {isa = PBXFileReference; fileEncoding = 4; lastKnownFileType = sourcecode.c.objc; path = AGTAsyncImage.m; sourceTree = "<group>"; };
		EDE2E3F51AE6E63C00B81BD6 /* FLAnnotationViewController.h */ = {isa = PBXFileReference; fileEncoding = 4; lastKnownFileType = sourcecode.c.h; path = FLAnnotationViewController.h; sourceTree = "<group>"; };
		EDE2E3F61AE6E63C00B81BD6 /* FLAnnotationViewController.m */ = {isa = PBXFileReference; fileEncoding = 4; lastKnownFileType = sourcecode.c.objc; path = FLAnnotationViewController.m; sourceTree = "<group>"; };
		EDE2E3F71AE6E63C00B81BD6 /* FLAnnotationViewController.xib */ = {isa = PBXFileReference; fileEncoding = 4; lastKnownFileType = file.xib; path = FLAnnotationViewController.xib; sourceTree = "<group>"; };
		EDE2E3FA1AE6EA0D00B81BD6 /* MapKit.framework */ = {isa = PBXFileReference; lastKnownFileType = wrapper.framework; name = MapKit.framework; path = System/Library/Frameworks/MapKit.framework; sourceTree = SDKROOT; };
/* End PBXFileReference section */

/* Begin PBXFrameworksBuildPhase section */
		ED12B7501AE3FE72002F536F /* Frameworks */ = {
			isa = PBXFrameworksBuildPhase;
			buildActionMask = 2147483647;
			files = (
				EDE2E3FB1AE6EA0D00B81BD6 /* MapKit.framework in Frameworks */,
			);
			runOnlyForDeploymentPostprocessing = 0;
		};
		ED12B7691AE3FE72002F536F /* Frameworks */ = {
			isa = PBXFrameworksBuildPhase;
			buildActionMask = 2147483647;
			files = (
			);
			runOnlyForDeploymentPostprocessing = 0;
		};
/* End PBXFrameworksBuildPhase section */

/* Begin PBXGroup section */
		ED12B74A1AE3FE72002F536F = {
			isa = PBXGroup;
			children = (
				EDE2E3FA1AE6EA0D00B81BD6 /* MapKit.framework */,
				ED12B7551AE3FE72002F536F /* HackerBooks */,
				ED12B76F1AE3FE72002F536F /* HackerBooksTests */,
				ED12B7541AE3FE72002F536F /* Products */,
			);
			sourceTree = "<group>";
		};
		ED12B7541AE3FE72002F536F /* Products */ = {
			isa = PBXGroup;
			children = (
				ED12B7531AE3FE72002F536F /* HackerBooks.app */,
				ED12B76C1AE3FE72002F536F /* HackerBooksTests.xctest */,
			);
			name = Products;
			sourceTree = "<group>";
		};
		ED12B7551AE3FE72002F536F /* HackerBooks */ = {
			isa = PBXGroup;
			children = (
				EDE2E3E21AE6A66500B81BD6 /* Utilities */,
				ED7D4A861AE58FAB0077A8DB /* Categories */,
				ED5CB2CE1AE46CE50003EF0E /* Resource */,
				ED5CB2C31AE46C260003EF0E /* Views */,
				ED5CB26F1AE457EF0003EF0E /* Models */,
				ED5CB26E1AE457E30003EF0E /* Controllers */,
				ED12B75A1AE3FE72002F536F /* AppDelegate.h */,
				ED12B75B1AE3FE72002F536F /* AppDelegate.m */,
				ED12B7631AE3FE72002F536F /* Images.xcassets */,
				ED12B7651AE3FE72002F536F /* LaunchScreen.xib */,
				ED12B7561AE3FE72002F536F /* Supporting Files */,
				ED12B7F61AE4245F002F536F /* Settings.h */,
			);
			path = HackerBooks;
			sourceTree = "<group>";
		};
		ED12B7561AE3FE72002F536F /* Supporting Files */ = {
			isa = PBXGroup;
			children = (
				ED12B7571AE3FE72002F536F /* Info.plist */,
				ED12B7581AE3FE72002F536F /* main.m */,
			);
			name = "Supporting Files";
			sourceTree = "<group>";
		};
		ED12B76F1AE3FE72002F536F /* HackerBooksTests */ = {
			isa = PBXGroup;
			children = (
				ED12B7721AE3FE72002F536F /* HackerBooksTests.m */,
				ED12B7701AE3FE72002F536F /* Supporting Files */,
			);
			path = HackerBooksTests;
			sourceTree = "<group>";
		};
		ED12B7701AE3FE72002F536F /* Supporting Files */ = {
			isa = PBXGroup;
			children = (
				ED12B7711AE3FE72002F536F /* Info.plist */,
			);
			name = "Supporting Files";
			sourceTree = "<group>";
		};
		ED5CB26E1AE457E30003EF0E /* Controllers */ = {
			isa = PBXGroup;
			children = (
				ED7D4A911AE5A0400077A8DB /* FLBookViewController.h */,
				ED7D4A921AE5A0400077A8DB /* FLBookViewController.m */,
				ED7D4A931AE5A0400077A8DB /* FLBookViewController.xib */,
				ED5CB2BA1AE458560003EF0E /* FLBooksTableViewController.h */,
				ED5CB2BB1AE458560003EF0E /* FLBooksTableViewController.m */,
				EDE2E3F51AE6E63C00B81BD6 /* FLAnnotationViewController.h */,
				EDE2E3F61AE6E63C00B81BD6 /* FLAnnotationViewController.m */,
				EDE2E3F71AE6E63C00B81BD6 /* FLAnnotationViewController.xib */,
			);
			path = Controllers;
			sourceTree = "<group>";
		};
		ED5CB26F1AE457EF0003EF0E /* Models */ = {
			isa = PBXGroup;
			children = (
				ED5CB2B81AE457F60003EF0E /* Machine */,
				ED5CB28A1AE457EF0003EF0E /* FLAnnotation.h */,
				ED5CB28B1AE457EF0003EF0E /* FLAnnotation.m */,
				ED5CB28C1AE457EF0003EF0E /* FLAuthor.h */,
				ED5CB28D1AE457EF0003EF0E /* FLAuthor.m */,
				ED5CB28E1AE457EF0003EF0E /* FLBook.h */,
				ED5CB28F1AE457EF0003EF0E /* FLBook.m */,
				ED5CB2901AE457EF0003EF0E /* FLBookDetailAuthor.h */,
				ED5CB2911AE457EF0003EF0E /* FLBookDetailAuthor.m */,
				ED5CB2921AE457EF0003EF0E /* FLBookDetailTag.h */,
				ED5CB2931AE457EF0003EF0E /* FLBookDetailTag.m */,
				ED5CB2941AE457EF0003EF0E /* FLHackerBookBaseClass.h */,
				ED5CB2951AE457EF0003EF0E /* FLHackerBookBaseClass.m */,
				ED5CB2961AE457EF0003EF0E /* FLLocation.h */,
				ED5CB2971AE457EF0003EF0E /* FLLocation.m */,
				ED5CB2981AE457EF0003EF0E /* FLPdf.h */,
				ED5CB2991AE457EF0003EF0E /* FLPdf.m */,
				ED5CB29A1AE457EF0003EF0E /* FLPhoto.h */,
				ED5CB29B1AE457EF0003EF0E /* FLPhoto.m */,
				ED5CB29C1AE457EF0003EF0E /* FLTag.h */,
				ED5CB29D1AE457EF0003EF0E /* FLTag.m */,
				ED5CB29E1AE457EF0003EF0E /* Model.xcdatamodeld */,
			);
			path = Models;
			sourceTree = "<group>";
		};
		ED5CB2B81AE457F60003EF0E /* Machine */ = {
			isa = PBXGroup;
			children = (
				ED5CB2701AE457EF0003EF0E /* _FLAnnotation.h */,
				ED5CB2711AE457EF0003EF0E /* _FLAnnotation.m */,
				ED5CB2721AE457EF0003EF0E /* _FLAuthor.h */,
				ED5CB2731AE457EF0003EF0E /* _FLAuthor.m */,
				ED5CB2741AE457EF0003EF0E /* _FLBook.h */,
				ED5CB2751AE457EF0003EF0E /* _FLBook.m */,
				ED5CB2761AE457EF0003EF0E /* _FLBookDetailAuthor.h */,
				ED5CB2771AE457EF0003EF0E /* _FLBookDetailAuthor.m */,
				ED5CB2781AE457EF0003EF0E /* _FLBookDetailTag.h */,
				ED5CB2791AE457EF0003EF0E /* _FLBookDetailTag.m */,
				ED5CB27A1AE457EF0003EF0E /* _FLLocation.h */,
				ED5CB27B1AE457EF0003EF0E /* _FLLocation.m */,
				ED5CB27C1AE457EF0003EF0E /* _FLPdf.h */,
				ED5CB27D1AE457EF0003EF0E /* _FLPdf.m */,
				ED5CB27E1AE457EF0003EF0E /* _FLPhoto.h */,
				ED5CB27F1AE457EF0003EF0E /* _FLPhoto.m */,
				ED5CB2801AE457EF0003EF0E /* _FLTag.h */,
				ED5CB2811AE457EF0003EF0E /* _FLTag.m */,
			);
			name = Machine;
			sourceTree = "<group>";
		};
		ED5CB2C31AE46C260003EF0E /* Views */ = {
			isa = PBXGroup;
			children = (
				ED5CB2C41AE46C300003EF0E /* FLBookTableViewCell.h */,
				ED5CB2C51AE46C300003EF0E /* FLBookTableViewCell.m */,
				ED5CB2C61AE46C300003EF0E /* FLBookTableViewCell.xib */,
			);
			path = Views;
			sourceTree = "<group>";
		};
		ED5CB2CE1AE46CE50003EF0E /* Resource */ = {
			isa = PBXGroup;
			children = (
				ED7D4A8F1AE59CAF0077A8DB /* generic_book_cover_0.jpg */,
				ED5CB2CF1AE46CED0003EF0E /* ebook-icon.png */,
			);
			path = Resource;
			sourceTree = "<group>";
		};
		ED7D4A861AE58FAB0077A8DB /* Categories */ = {
			isa = PBXGroup;
			children = (
			);
			path = Categories;
			sourceTree = "<group>";
		};
		EDE2E3E21AE6A66500B81BD6 /* Utilities */ = {
			isa = PBXGroup;
			children = (
				EDE2E3EF1AE6A67D00B81BD6 /* AGTAsyncImage.h */,
				EDE2E3F01AE6A67D00B81BD6 /* AGTAsyncImage.m */,
				EDE2E3E31AE6A66500B81BD6 /* AGTCoreDataCollectionViewController.h */,
				EDE2E3E41AE6A66500B81BD6 /* AGTCoreDataCollectionViewController.m */,
				EDE2E3E51AE6A66500B81BD6 /* AGTCoreDataStack.h */,
				EDE2E3E61AE6A66500B81BD6 /* AGTCoreDataStack.m */,
				EDE2E3E71AE6A66500B81BD6 /* AGTCoreDataTableViewController.h */,
				EDE2E3E81AE6A66500B81BD6 /* AGTCoreDataTableViewController.m */,
				EDE2E3E91AE6A66500B81BD6 /* AGTEntityObserver.h */,
				EDE2E3EA1AE6A66500B81BD6 /* AGTEntityObserver.m */,
			);
			path = Utilities;
			sourceTree = "<group>";
		};
/* End PBXGroup section */

/* Begin PBXNativeTarget section */
		ED12B7521AE3FE72002F536F /* HackerBooks */ = {
			isa = PBXNativeTarget;
			buildConfigurationList = ED12B7761AE3FE72002F536F /* Build configuration list for PBXNativeTarget "HackerBooks" */;
			buildPhases = (
				ED12B74F1AE3FE72002F536F /* Sources */,
				ED12B7501AE3FE72002F536F /* Frameworks */,
				ED12B7511AE3FE72002F536F /* Resources */,
			);
			buildRules = (
			);
			dependencies = (
			);
			name = HackerBooks;
			productName = HackerBooks;
			productReference = ED12B7531AE3FE72002F536F /* HackerBooks.app */;
			productType = "com.apple.product-type.application";
		};
		ED12B76B1AE3FE72002F536F /* HackerBooksTests */ = {
			isa = PBXNativeTarget;
			buildConfigurationList = ED12B7791AE3FE72002F536F /* Build configuration list for PBXNativeTarget "HackerBooksTests" */;
			buildPhases = (
				ED12B7681AE3FE72002F536F /* Sources */,
				ED12B7691AE3FE72002F536F /* Frameworks */,
				ED12B76A1AE3FE72002F536F /* Resources */,
			);
			buildRules = (
			);
			dependencies = (
				ED12B76E1AE3FE72002F536F /* PBXTargetDependency */,
			);
			name = HackerBooksTests;
			productName = HackerBooksTests;
			productReference = ED12B76C1AE3FE72002F536F /* HackerBooksTests.xctest */;
			productType = "com.apple.product-type.bundle.unit-test";
		};
/* End PBXNativeTarget section */

/* Begin PBXProject section */
		ED12B74B1AE3FE72002F536F /* Project object */ = {
			isa = PBXProject;
			attributes = {
				LastUpgradeCheck = 0630;
				ORGANIZATIONNAME = F3rn4nd0;
				TargetAttributes = {
					ED12B7521AE3FE72002F536F = {
						CreatedOnToolsVersion = 6.3;
					};
					ED12B76B1AE3FE72002F536F = {
						CreatedOnToolsVersion = 6.3;
						TestTargetID = ED12B7521AE3FE72002F536F;
					};
				};
			};
			buildConfigurationList = ED12B74E1AE3FE72002F536F /* Build configuration list for PBXProject "HackerBooks" */;
			compatibilityVersion = "Xcode 3.2";
			developmentRegion = English;
			hasScannedForEncodings = 0;
			knownRegions = (
				en,
				Base,
			);
			mainGroup = ED12B74A1AE3FE72002F536F;
			productRefGroup = ED12B7541AE3FE72002F536F /* Products */;
			projectDirPath = "";
			projectRoot = "";
			targets = (
				ED12B7521AE3FE72002F536F /* HackerBooks */,
				ED12B76B1AE3FE72002F536F /* HackerBooksTests */,
			);
		};
/* End PBXProject section */

/* Begin PBXResourcesBuildPhase section */
		ED12B7511AE3FE72002F536F /* Resources */ = {
			isa = PBXResourcesBuildPhase;
			buildActionMask = 2147483647;
			files = (
				ED5CB2CB1AE46C300003EF0E /* FLBookTableViewCell.xib in Resources */,
				ED7D4A951AE5A0400077A8DB /* FLBookViewController.xib in Resources */,
				ED12B7671AE3FE72002F536F /* LaunchScreen.xib in Resources */,
				ED12B7641AE3FE72002F536F /* Images.xcassets in Resources */,
				EDE2E3F91AE6E63C00B81BD6 /* FLAnnotationViewController.xib in Resources */,
				ED5CB2D01AE46CED0003EF0E /* ebook-icon.png in Resources */,
				ED7D4A901AE59CAF0077A8DB /* generic_book_cover_0.jpg in Resources */,
			);
			runOnlyForDeploymentPostprocessing = 0;
		};
		ED12B76A1AE3FE72002F536F /* Resources */ = {
			isa = PBXResourcesBuildPhase;
			buildActionMask = 2147483647;
			files = (
			);
			runOnlyForDeploymentPostprocessing = 0;
		};
/* End PBXResourcesBuildPhase section */

/* Begin PBXSourcesBuildPhase section */
		ED12B74F1AE3FE72002F536F /* Sources */ = {
			isa = PBXSourcesBuildPhase;
			buildActionMask = 2147483647;
			files = (
				EDE2E3EC1AE6A66500B81BD6 /* AGTCoreDataStack.m in Sources */,
				ED5CB2B61AE457EF0003EF0E /* FLTag.m in Sources */,
				EDE2E3ED1AE6A66500B81BD6 /* AGTCoreDataTableViewController.m in Sources */,
				ED5CB2B11AE457EF0003EF0E /* FLBookDetailTag.m in Sources */,
				EDE2E3EE1AE6A66500B81BD6 /* AGTEntityObserver.m in Sources */,
				ED5CB2AF1AE457EF0003EF0E /* FLBook.m in Sources */,
				ED5CB2A81AE457EF0003EF0E /* _FLTag.m in Sources */,
				ED5CB2A31AE457EF0003EF0E /* _FLBookDetailAuthor.m in Sources */,
				ED5CB2AE1AE457EF0003EF0E /* FLAuthor.m in Sources */,
				ED7D4A941AE5A0400077A8DB /* FLBookViewController.m in Sources */,
				ED5CB2B51AE457EF0003EF0E /* FLPhoto.m in Sources */,
				ED5CB2A41AE457EF0003EF0E /* _FLBookDetailTag.m in Sources */,
				EDE2E3F81AE6E63C00B81BD6 /* FLAnnotationViewController.m in Sources */,
				ED5CB2B71AE457EF0003EF0E /* Model.xcdatamodeld in Sources */,
				ED5CB2AD1AE457EF0003EF0E /* FLAnnotation.m in Sources */,
				ED5CB2B31AE457EF0003EF0E /* FLLocation.m in Sources */,
				EDE2E3EB1AE6A66500B81BD6 /* AGTCoreDataCollectionViewController.m in Sources */,
				ED5CB2A51AE457EF0003EF0E /* _FLLocation.m in Sources */,
				EDE2E3F11AE6A67D00B81BD6 /* AGTAsyncImage.m in Sources */,
				ED5CB2B41AE457EF0003EF0E /* FLPdf.m in Sources */,
				ED12B75C1AE3FE72002F536F /* AppDelegate.m in Sources */,
				ED5CB2A71AE457EF0003EF0E /* _FLPhoto.m in Sources */,
				ED5CB2A21AE457EF0003EF0E /* _FLBook.m in Sources */,
				ED12B7591AE3FE72002F536F /* main.m in Sources */,
				ED5CB2A11AE457EF0003EF0E /* _FLAuthor.m in Sources */,
				ED5CB2B21AE457EF0003EF0E /* FLHackerBookBaseClass.m in Sources */,
				ED5CB2CA1AE46C300003EF0E /* FLBookTableViewCell.m in Sources */,
				ED5CB2A01AE457EF0003EF0E /* _FLAnnotation.m in Sources */,
				ED5CB2BC1AE458560003EF0E /* FLBooksTableViewController.m in Sources */,
				ED5CB2B01AE457EF0003EF0E /* FLBookDetailAuthor.m in Sources */,
				ED5CB2A61AE457EF0003EF0E /* _FLPdf.m in Sources */,
			);
			runOnlyForDeploymentPostprocessing = 0;
		};
		ED12B7681AE3FE72002F536F /* Sources */ = {
			isa = PBXSourcesBuildPhase;
			buildActionMask = 2147483647;
			files = (
				ED12B7731AE3FE72002F536F /* HackerBooksTests.m in Sources */,
			);
			runOnlyForDeploymentPostprocessing = 0;
		};
/* End PBXSourcesBuildPhase section */

/* Begin PBXTargetDependency section */
		ED12B76E1AE3FE72002F536F /* PBXTargetDependency */ = {
			isa = PBXTargetDependency;
			target = ED12B7521AE3FE72002F536F /* HackerBooks */;
			targetProxy = ED12B76D1AE3FE72002F536F /* PBXContainerItemProxy */;
		};
/* End PBXTargetDependency section */

/* Begin PBXVariantGroup section */
		ED12B7651AE3FE72002F536F /* LaunchScreen.xib */ = {
			isa = PBXVariantGroup;
			children = (
				ED12B7661AE3FE72002F536F /* Base */,
			);
			name = LaunchScreen.xib;
			sourceTree = "<group>";
		};
/* End PBXVariantGroup section */

/* Begin XCBuildConfiguration section */
		ED12B7741AE3FE72002F536F /* Debug */ = {
			isa = XCBuildConfiguration;
			buildSettings = {
				ALWAYS_SEARCH_USER_PATHS = NO;
				CLANG_CXX_LANGUAGE_STANDARD = "gnu++0x";
				CLANG_CXX_LIBRARY = "libc++";
				CLANG_ENABLE_MODULES = YES;
				CLANG_ENABLE_OBJC_ARC = YES;
				CLANG_WARN_BOOL_CONVERSION = YES;
				CLANG_WARN_CONSTANT_CONVERSION = YES;
				CLANG_WARN_DIRECT_OBJC_ISA_USAGE = YES_ERROR;
				CLANG_WARN_EMPTY_BODY = YES;
				CLANG_WARN_ENUM_CONVERSION = YES;
				CLANG_WARN_INT_CONVERSION = YES;
				CLANG_WARN_OBJC_ROOT_CLASS = YES_ERROR;
				CLANG_WARN_UNREACHABLE_CODE = YES;
				CLANG_WARN__DUPLICATE_METHOD_MATCH = YES;
				"CODE_SIGN_IDENTITY[sdk=iphoneos*]" = "iPhone Developer";
				COPY_PHASE_STRIP = NO;
				DEBUG_INFORMATION_FORMAT = "dwarf-with-dsym";
				ENABLE_STRICT_OBJC_MSGSEND = YES;
				GCC_C_LANGUAGE_STANDARD = gnu99;
				GCC_DYNAMIC_NO_PIC = NO;
				GCC_NO_COMMON_BLOCKS = YES;
				GCC_OPTIMIZATION_LEVEL = 0;
				GCC_PREPROCESSOR_DEFINITIONS = (
					"DEBUG=1",
					"$(inherited)",
				);
				GCC_SYMBOLS_PRIVATE_EXTERN = NO;
				GCC_WARN_64_TO_32_BIT_CONVERSION = YES;
				GCC_WARN_ABOUT_RETURN_TYPE = YES_ERROR;
				GCC_WARN_UNDECLARED_SELECTOR = YES;
				GCC_WARN_UNINITIALIZED_AUTOS = YES_AGGRESSIVE;
				GCC_WARN_UNUSED_FUNCTION = YES;
				GCC_WARN_UNUSED_VARIABLE = YES;
				IPHONEOS_DEPLOYMENT_TARGET = 8.3;
				MTL_ENABLE_DEBUG_INFO = YES;
				ONLY_ACTIVE_ARCH = YES;
				SDKROOT = iphoneos;
				TARGETED_DEVICE_FAMILY = "1,2";
			};
			name = Debug;
		};
		ED12B7751AE3FE72002F536F /* Release */ = {
			isa = XCBuildConfiguration;
			buildSettings = {
				ALWAYS_SEARCH_USER_PATHS = NO;
				CLANG_CXX_LANGUAGE_STANDARD = "gnu++0x";
				CLANG_CXX_LIBRARY = "libc++";
				CLANG_ENABLE_MODULES = YES;
				CLANG_ENABLE_OBJC_ARC = YES;
				CLANG_WARN_BOOL_CONVERSION = YES;
				CLANG_WARN_CONSTANT_CONVERSION = YES;
				CLANG_WARN_DIRECT_OBJC_ISA_USAGE = YES_ERROR;
				CLANG_WARN_EMPTY_BODY = YES;
				CLANG_WARN_ENUM_CONVERSION = YES;
				CLANG_WARN_INT_CONVERSION = YES;
				CLANG_WARN_OBJC_ROOT_CLASS = YES_ERROR;
				CLANG_WARN_UNREACHABLE_CODE = YES;
				CLANG_WARN__DUPLICATE_METHOD_MATCH = YES;
				"CODE_SIGN_IDENTITY[sdk=iphoneos*]" = "iPhone Developer";
				COPY_PHASE_STRIP = NO;
				DEBUG_INFORMATION_FORMAT = "dwarf-with-dsym";
				ENABLE_NS_ASSERTIONS = NO;
				ENABLE_STRICT_OBJC_MSGSEND = YES;
				GCC_C_LANGUAGE_STANDARD = gnu99;
				GCC_NO_COMMON_BLOCKS = YES;
				GCC_WARN_64_TO_32_BIT_CONVERSION = YES;
				GCC_WARN_ABOUT_RETURN_TYPE = YES_ERROR;
				GCC_WARN_UNDECLARED_SELECTOR = YES;
				GCC_WARN_UNINITIALIZED_AUTOS = YES_AGGRESSIVE;
				GCC_WARN_UNUSED_FUNCTION = YES;
				GCC_WARN_UNUSED_VARIABLE = YES;
				IPHONEOS_DEPLOYMENT_TARGET = 8.3;
				MTL_ENABLE_DEBUG_INFO = NO;
				SDKROOT = iphoneos;
				TARGETED_DEVICE_FAMILY = "1,2";
				VALIDATE_PRODUCT = YES;
			};
			name = Release;
		};
		ED12B7771AE3FE72002F536F /* Debug */ = {
			isa = XCBuildConfiguration;
			buildSettings = {
				ASSETCATALOG_COMPILER_APPICON_NAME = AppIcon;
				INFOPLIST_FILE = HackerBooks/Info.plist;
				LD_RUNPATH_SEARCH_PATHS = "$(inherited) @executable_path/Frameworks";
				PRODUCT_NAME = "$(TARGET_NAME)";
			};
			name = Debug;
		};
		ED12B7781AE3FE72002F536F /* Release */ = {
			isa = XCBuildConfiguration;
			buildSettings = {
				ASSETCATALOG_COMPILER_APPICON_NAME = AppIcon;
				INFOPLIST_FILE = HackerBooks/Info.plist;
				LD_RUNPATH_SEARCH_PATHS = "$(inherited) @executable_path/Frameworks";
				PRODUCT_NAME = "$(TARGET_NAME)";
			};
			name = Release;
		};
		ED12B77A1AE3FE72002F536F /* Debug */ = {
			isa = XCBuildConfiguration;
			buildSettings = {
				BUNDLE_LOADER = "$(TEST_HOST)";
				FRAMEWORK_SEARCH_PATHS = (
					"$(SDKROOT)/Developer/Library/Frameworks",
					"$(inherited)",
				);
				GCC_PREPROCESSOR_DEFINITIONS = (
					"DEBUG=1",
					"$(inherited)",
				);
				INFOPLIST_FILE = HackerBooksTests/Info.plist;
				LD_RUNPATH_SEARCH_PATHS = "$(inherited) @executable_path/Frameworks @loader_path/Frameworks";
				PRODUCT_NAME = "$(TARGET_NAME)";
				TEST_HOST = "$(BUILT_PRODUCTS_DIR)/HackerBooks.app/HackerBooks";
			};
			name = Debug;
		};
		ED12B77B1AE3FE72002F536F /* Release */ = {
			isa = XCBuildConfiguration;
			buildSettings = {
				BUNDLE_LOADER = "$(TEST_HOST)";
				FRAMEWORK_SEARCH_PATHS = (
					"$(SDKROOT)/Developer/Library/Frameworks",
					"$(inherited)",
				);
				INFOPLIST_FILE = HackerBooksTests/Info.plist;
				LD_RUNPATH_SEARCH_PATHS = "$(inherited) @executable_path/Frameworks @loader_path/Frameworks";
				PRODUCT_NAME = "$(TARGET_NAME)";
				TEST_HOST = "$(BUILT_PRODUCTS_DIR)/HackerBooks.app/HackerBooks";
			};
			name = Release;
		};
/* End XCBuildConfiguration section */

/* Begin XCConfigurationList section */
		ED12B74E1AE3FE72002F536F /* Build configuration list for PBXProject "HackerBooks" */ = {
			isa = XCConfigurationList;
			buildConfigurations = (
				ED12B7741AE3FE72002F536F /* Debug */,
				ED12B7751AE3FE72002F536F /* Release */,
			);
			defaultConfigurationIsVisible = 0;
			defaultConfigurationName = Release;
		};
		ED12B7761AE3FE72002F536F /* Build configuration list for PBXNativeTarget "HackerBooks" */ = {
			isa = XCConfigurationList;
			buildConfigurations = (
				ED12B7771AE3FE72002F536F /* Debug */,
				ED12B7781AE3FE72002F536F /* Release */,
			);
			defaultConfigurationIsVisible = 0;
			defaultConfigurationName = Release;
		};
		ED12B7791AE3FE72002F536F /* Build configuration list for PBXNativeTarget "HackerBooksTests" */ = {
			isa = XCConfigurationList;
			buildConfigurations = (
				ED12B77A1AE3FE72002F536F /* Debug */,
				ED12B77B1AE3FE72002F536F /* Release */,
			);
			defaultConfigurationIsVisible = 0;
			defaultConfigurationName = Release;
		};
/* End XCConfigurationList section */

/* Begin XCVersionGroup section */
		ED5CB29E1AE457EF0003EF0E /* Model.xcdatamodeld */ = {
			isa = XCVersionGroup;
			children = (
				ED5CB29F1AE457EF0003EF0E /* Model.xcdatamodel */,
			);
			currentVersion = ED5CB29F1AE457EF0003EF0E /* Model.xcdatamodel */;
			path = Model.xcdatamodeld;
			sourceTree = "<group>";
			versionGroupType = wrapper.xcdatamodel;
		};
/* End XCVersionGroup section */
	};
	rootObject = ED12B74B1AE3FE72002F536F /* Project object */;
}
