// !$*UTF8*$!
{
	archiveVersion = 1;
	classes = {
	};
	objectVersion = 46;
	objects = {

/* Begin PBXBuildFile section */
		ED12B7591AE3FE72002F536F /* main.m in Sources */ = {isa = PBXBuildFile; fileRef = ED12B7581AE3FE72002F536F /* main.m */; };
		ED12B75C1AE3FE72002F536F /* AppDelegate.m in Sources */ = {isa = PBXBuildFile; fileRef = ED12B75B1AE3FE72002F536F /* AppDelegate.m */; };
		ED12B7641AE3FE72002F536F /* Images.xcassets in Resources */ = {isa = PBXBuildFile; fileRef = ED12B7631AE3FE72002F536F /* Images.xcassets */; };
		ED12B7671AE3FE72002F536F /* LaunchScreen.xib in Resources */ = {isa = PBXBuildFile; fileRef = ED12B7651AE3FE72002F536F /* LaunchScreen.xib */; };
		ED12B7731AE3FE72002F536F /* HackerBooksTests.m in Sources */ = {isa = PBXBuildFile; fileRef = ED12B7721AE3FE72002F536F /* HackerBooksTests.m */; };
		ED12B77F1AE4025D002F536F /* Model.xcdatamodeld in Sources */ = {isa = PBXBuildFile; fileRef = ED12B77D1AE4025D002F536F /* Model.xcdatamodeld */; };
		ED12B7821AE41D20002F536F /* FLHackerBookBaseClass.m in Sources */ = {isa = PBXBuildFile; fileRef = ED12B7811AE41D20002F536F /* FLHackerBookBaseClass.m */; };
		ED12B8241AE42CD2002F536F /* FLAnnotation.m in Sources */ = {isa = PBXBuildFile; fileRef = ED12B8131AE42CD2002F536F /* FLAnnotation.m */; };
		ED12B8251AE42CD2002F536F /* FLAuthor.m in Sources */ = {isa = PBXBuildFile; fileRef = ED12B8151AE42CD2002F536F /* FLAuthor.m */; };
		ED12B8261AE42CD2002F536F /* FLBook.m in Sources */ = {isa = PBXBuildFile; fileRef = ED12B8171AE42CD2002F536F /* FLBook.m */; };
		ED12B8271AE42CD2002F536F /* FLBookDetailAuthor.m in Sources */ = {isa = PBXBuildFile; fileRef = ED12B8191AE42CD2002F536F /* FLBookDetailAuthor.m */; };
		ED12B8281AE42CD2002F536F /* FLBookDetailTag.m in Sources */ = {isa = PBXBuildFile; fileRef = ED12B81B1AE42CD2002F536F /* FLBookDetailTag.m */; };
		ED12B8291AE42CD2002F536F /* FLLocation.m in Sources */ = {isa = PBXBuildFile; fileRef = ED12B81D1AE42CD2002F536F /* FLLocation.m */; };
		ED12B82A1AE42CD2002F536F /* FLPdf.m in Sources */ = {isa = PBXBuildFile; fileRef = ED12B81F1AE42CD2002F536F /* FLPdf.m */; };
		ED12B82B1AE42CD2002F536F /* FLPhoto.m in Sources */ = {isa = PBXBuildFile; fileRef = ED12B8211AE42CD2002F536F /* FLPhoto.m */; };
		ED12B82C1AE42CD2002F536F /* FLTag.m in Sources */ = {isa = PBXBuildFile; fileRef = ED12B8231AE42CD2002F536F /* FLTag.m */; };
		ED12B8421AE42FB7002F536F /* AGTCoreDataCollectionViewController.m in Sources */ = {isa = PBXBuildFile; fileRef = ED12B83B1AE42FB7002F536F /* AGTCoreDataCollectionViewController.m */; };
		ED12B8431AE42FB7002F536F /* AGTCoreDataStack.m in Sources */ = {isa = PBXBuildFile; fileRef = ED12B83D1AE42FB7002F536F /* AGTCoreDataStack.m */; };
		ED12B8441AE42FB7002F536F /* AGTCoreDataTableViewController.m in Sources */ = {isa = PBXBuildFile; fileRef = ED12B83F1AE42FB7002F536F /* AGTCoreDataTableViewController.m */; };
		ED12B8451AE42FB7002F536F /* AGTEntityObserver.m in Sources */ = {isa = PBXBuildFile; fileRef = ED12B8411AE42FB7002F536F /* AGTEntityObserver.m */; };
		ED5CB2641AE4483B0003EF0E /* _FLAnnotation.m in Sources */ = {isa = PBXBuildFile; fileRef = ED5CB2531AE4483B0003EF0E /* _FLAnnotation.m */; };
		ED5CB2651AE4483B0003EF0E /* _FLAuthor.m in Sources */ = {isa = PBXBuildFile; fileRef = ED5CB2551AE4483B0003EF0E /* _FLAuthor.m */; };
		ED5CB2661AE4483B0003EF0E /* _FLBook.m in Sources */ = {isa = PBXBuildFile; fileRef = ED5CB2571AE4483B0003EF0E /* _FLBook.m */; };
		ED5CB2671AE4483B0003EF0E /* _FLBookDetailAuthor.m in Sources */ = {isa = PBXBuildFile; fileRef = ED5CB2591AE4483B0003EF0E /* _FLBookDetailAuthor.m */; };
		ED5CB2681AE4483B0003EF0E /* _FLBookDetailTag.m in Sources */ = {isa = PBXBuildFile; fileRef = ED5CB25B1AE4483B0003EF0E /* _FLBookDetailTag.m */; };
		ED5CB2691AE4483B0003EF0E /* _FLLocation.m in Sources */ = {isa = PBXBuildFile; fileRef = ED5CB25D1AE4483B0003EF0E /* _FLLocation.m */; };
		ED5CB26A1AE4483B0003EF0E /* _FLPdf.m in Sources */ = {isa = PBXBuildFile; fileRef = ED5CB25F1AE4483B0003EF0E /* _FLPdf.m */; };
		ED5CB26B1AE4483B0003EF0E /* _FLPhoto.m in Sources */ = {isa = PBXBuildFile; fileRef = ED5CB2611AE4483B0003EF0E /* _FLPhoto.m */; };
		ED5CB26C1AE4483B0003EF0E /* _FLTag.m in Sources */ = {isa = PBXBuildFile; fileRef = ED5CB2631AE4483B0003EF0E /* _FLTag.m */; };
/* End PBXBuildFile section */

/* Begin PBXContainerItemProxy section */
		ED12B76D1AE3FE72002F536F /* PBXContainerItemProxy */ = {
			isa = PBXContainerItemProxy;
			containerPortal = ED12B74B1AE3FE72002F536F /* Project object */;
			proxyType = 1;
			remoteGlobalIDString = ED12B7521AE3FE72002F536F;
			remoteInfo = HackerBooks;
		};
/* End PBXContainerItemProxy section */

/* Begin PBXFileReference section */
		ED12B7531AE3FE72002F536F /* HackerBooks.app */ = {isa = PBXFileReference; explicitFileType = wrapper.application; includeInIndex = 0; path = HackerBooks.app; sourceTree = BUILT_PRODUCTS_DIR; };
		ED12B7571AE3FE72002F536F /* Info.plist */ = {isa = PBXFileReference; lastKnownFileType = text.plist.xml; path = Info.plist; sourceTree = "<group>"; };
		ED12B7581AE3FE72002F536F /* main.m */ = {isa = PBXFileReference; lastKnownFileType = sourcecode.c.objc; path = main.m; sourceTree = "<group>"; };
		ED12B75A1AE3FE72002F536F /* AppDelegate.h */ = {isa = PBXFileReference; lastKnownFileType = sourcecode.c.h; path = AppDelegate.h; sourceTree = "<group>"; };
		ED12B75B1AE3FE72002F536F /* AppDelegate.m */ = {isa = PBXFileReference; lastKnownFileType = sourcecode.c.objc; path = AppDelegate.m; sourceTree = "<group>"; };
		ED12B7631AE3FE72002F536F /* Images.xcassets */ = {isa = PBXFileReference; lastKnownFileType = folder.assetcatalog; path = Images.xcassets; sourceTree = "<group>"; };
		ED12B7661AE3FE72002F536F /* Base */ = {isa = PBXFileReference; lastKnownFileType = file.xib; name = Base; path = Base.lproj/LaunchScreen.xib; sourceTree = "<group>"; };
		ED12B76C1AE3FE72002F536F /* HackerBooksTests.xctest */ = {isa = PBXFileReference; explicitFileType = wrapper.cfbundle; includeInIndex = 0; path = HackerBooksTests.xctest; sourceTree = BUILT_PRODUCTS_DIR; };
		ED12B7711AE3FE72002F536F /* Info.plist */ = {isa = PBXFileReference; lastKnownFileType = text.plist.xml; path = Info.plist; sourceTree = "<group>"; };
		ED12B7721AE3FE72002F536F /* HackerBooksTests.m */ = {isa = PBXFileReference; lastKnownFileType = sourcecode.c.objc; path = HackerBooksTests.m; sourceTree = "<group>"; };
		ED12B77E1AE4025D002F536F /* Model.xcdatamodel */ = {isa = PBXFileReference; lastKnownFileType = wrapper.xcdatamodel; path = Model.xcdatamodel; sourceTree = "<group>"; };
		ED12B7801AE41D20002F536F /* FLHackerBookBaseClass.h */ = {isa = PBXFileReference; fileEncoding = 4; lastKnownFileType = sourcecode.c.h; name = FLHackerBookBaseClass.h; path = Models/FLHackerBookBaseClass.h; sourceTree = "<group>"; };
		ED12B7811AE41D20002F536F /* FLHackerBookBaseClass.m */ = {isa = PBXFileReference; fileEncoding = 4; lastKnownFileType = sourcecode.c.objc; name = FLHackerBookBaseClass.m; path = Models/FLHackerBookBaseClass.m; sourceTree = "<group>"; };
		ED12B7F61AE4245F002F536F /* Settings.h */ = {isa = PBXFileReference; lastKnownFileType = sourcecode.c.h; path = Settings.h; sourceTree = "<group>"; };
		ED12B8121AE42CD2002F536F /* FLAnnotation.h */ = {isa = PBXFileReference; fileEncoding = 4; lastKnownFileType = sourcecode.c.h; name = FLAnnotation.h; path = Models/FLAnnotation.h; sourceTree = "<group>"; };
		ED12B8131AE42CD2002F536F /* FLAnnotation.m */ = {isa = PBXFileReference; fileEncoding = 4; lastKnownFileType = sourcecode.c.objc; name = FLAnnotation.m; path = Models/FLAnnotation.m; sourceTree = "<group>"; };
		ED12B8141AE42CD2002F536F /* FLAuthor.h */ = {isa = PBXFileReference; fileEncoding = 4; lastKnownFileType = sourcecode.c.h; name = FLAuthor.h; path = Models/FLAuthor.h; sourceTree = "<group>"; };
		ED12B8151AE42CD2002F536F /* FLAuthor.m */ = {isa = PBXFileReference; fileEncoding = 4; lastKnownFileType = sourcecode.c.objc; name = FLAuthor.m; path = Models/FLAuthor.m; sourceTree = "<group>"; };
		ED12B8161AE42CD2002F536F /* FLBook.h */ = {isa = PBXFileReference; fileEncoding = 4; lastKnownFileType = sourcecode.c.h; name = FLBook.h; path = Models/FLBook.h; sourceTree = "<group>"; };
		ED12B8171AE42CD2002F536F /* FLBook.m */ = {isa = PBXFileReference; fileEncoding = 4; lastKnownFileType = sourcecode.c.objc; name = FLBook.m; path = Models/FLBook.m; sourceTree = "<group>"; };
		ED12B8181AE42CD2002F536F /* FLBookDetailAuthor.h */ = {isa = PBXFileReference; fileEncoding = 4; lastKnownFileType = sourcecode.c.h; name = FLBookDetailAuthor.h; path = Models/FLBookDetailAuthor.h; sourceTree = "<group>"; };
		ED12B8191AE42CD2002F536F /* FLBookDetailAuthor.m */ = {isa = PBXFileReference; fileEncoding = 4; lastKnownFileType = sourcecode.c.objc; name = FLBookDetailAuthor.m; path = Models/FLBookDetailAuthor.m; sourceTree = "<group>"; };
		ED12B81A1AE42CD2002F536F /* FLBookDetailTag.h */ = {isa = PBXFileReference; fileEncoding = 4; lastKnownFileType = sourcecode.c.h; name = FLBookDetailTag.h; path = Models/FLBookDetailTag.h; sourceTree = "<group>"; };
		ED12B81B1AE42CD2002F536F /* FLBookDetailTag.m */ = {isa = PBXFileReference; fileEncoding = 4; lastKnownFileType = sourcecode.c.objc; name = FLBookDetailTag.m; path = Models/FLBookDetailTag.m; sourceTree = "<group>"; };
		ED12B81C1AE42CD2002F536F /* FLLocation.h */ = {isa = PBXFileReference; fileEncoding = 4; lastKnownFileType = sourcecode.c.h; name = FLLocation.h; path = Models/FLLocation.h; sourceTree = "<group>"; };
		ED12B81D1AE42CD2002F536F /* FLLocation.m */ = {isa = PBXFileReference; fileEncoding = 4; lastKnownFileType = sourcecode.c.objc; name = FLLocation.m; path = Models/FLLocation.m; sourceTree = "<group>"; };
		ED12B81E1AE42CD2002F536F /* FLPdf.h */ = {isa = PBXFileReference; fileEncoding = 4; lastKnownFileType = sourcecode.c.h; name = FLPdf.h; path = Models/FLPdf.h; sourceTree = "<group>"; };
		ED12B81F1AE42CD2002F536F /* FLPdf.m */ = {isa = PBXFileReference; fileEncoding = 4; lastKnownFileType = sourcecode.c.objc; name = FLPdf.m; path = Models/FLPdf.m; sourceTree = "<group>"; };
		ED12B8201AE42CD2002F536F /* FLPhoto.h */ = {isa = PBXFileReference; fileEncoding = 4; lastKnownFileType = sourcecode.c.h; name = FLPhoto.h; path = Models/FLPhoto.h; sourceTree = "<group>"; };
		ED12B8211AE42CD2002F536F /* FLPhoto.m */ = {isa = PBXFileReference; fileEncoding = 4; lastKnownFileType = sourcecode.c.objc; name = FLPhoto.m; path = Models/FLPhoto.m; sourceTree = "<group>"; };
		ED12B8221AE42CD2002F536F /* FLTag.h */ = {isa = PBXFileReference; fileEncoding = 4; lastKnownFileType = sourcecode.c.h; name = FLTag.h; path = Models/FLTag.h; sourceTree = "<group>"; };
		ED12B8231AE42CD2002F536F /* FLTag.m */ = {isa = PBXFileReference; fileEncoding = 4; lastKnownFileType = sourcecode.c.objc; name = FLTag.m; path = Models/FLTag.m; sourceTree = "<group>"; };
		ED12B83A1AE42FB7002F536F /* AGTCoreDataCollectionViewController.h */ = {isa = PBXFileReference; fileEncoding = 4; lastKnownFileType = sourcecode.c.h; name = AGTCoreDataCollectionViewController.h; path = Models/AGTCoreDataCollectionViewController.h; sourceTree = "<group>"; };
		ED12B83B1AE42FB7002F536F /* AGTCoreDataCollectionViewController.m */ = {isa = PBXFileReference; fileEncoding = 4; lastKnownFileType = sourcecode.c.objc; name = AGTCoreDataCollectionViewController.m; path = Models/AGTCoreDataCollectionViewController.m; sourceTree = "<group>"; };
		ED12B83C1AE42FB7002F536F /* AGTCoreDataStack.h */ = {isa = PBXFileReference; fileEncoding = 4; lastKnownFileType = sourcecode.c.h; name = AGTCoreDataStack.h; path = Models/AGTCoreDataStack.h; sourceTree = "<group>"; };
		ED12B83D1AE42FB7002F536F /* AGTCoreDataStack.m */ = {isa = PBXFileReference; fileEncoding = 4; lastKnownFileType = sourcecode.c.objc; name = AGTCoreDataStack.m; path = Models/AGTCoreDataStack.m; sourceTree = "<group>"; };
		ED12B83E1AE42FB7002F536F /* AGTCoreDataTableViewController.h */ = {isa = PBXFileReference; fileEncoding = 4; lastKnownFileType = sourcecode.c.h; name = AGTCoreDataTableViewController.h; path = Models/AGTCoreDataTableViewController.h; sourceTree = "<group>"; };
		ED12B83F1AE42FB7002F536F /* AGTCoreDataTableViewController.m */ = {isa = PBXFileReference; fileEncoding = 4; lastKnownFileType = sourcecode.c.objc; name = AGTCoreDataTableViewController.m; path = Models/AGTCoreDataTableViewController.m; sourceTree = "<group>"; };
		ED12B8401AE42FB7002F536F /* AGTEntityObserver.h */ = {isa = PBXFileReference; fileEncoding = 4; lastKnownFileType = sourcecode.c.h; name = AGTEntityObserver.h; path = Models/AGTEntityObserver.h; sourceTree = "<group>"; };
		ED12B8411AE42FB7002F536F /* AGTEntityObserver.m */ = {isa = PBXFileReference; fileEncoding = 4; lastKnownFileType = sourcecode.c.objc; name = AGTEntityObserver.m; path = Models/AGTEntityObserver.m; sourceTree = "<group>"; };
		ED5CB2521AE4483B0003EF0E /* _FLAnnotation.h */ = {isa = PBXFileReference; fileEncoding = 4; lastKnownFileType = sourcecode.c.h; name = _FLAnnotation.h; path = Models/_FLAnnotation.h; sourceTree = "<group>"; };
		ED5CB2531AE4483B0003EF0E /* _FLAnnotation.m */ = {isa = PBXFileReference; fileEncoding = 4; lastKnownFileType = sourcecode.c.objc; name = _FLAnnotation.m; path = Models/_FLAnnotation.m; sourceTree = "<group>"; };
		ED5CB2541AE4483B0003EF0E /* _FLAuthor.h */ = {isa = PBXFileReference; fileEncoding = 4; lastKnownFileType = sourcecode.c.h; name = _FLAuthor.h; path = Models/_FLAuthor.h; sourceTree = "<group>"; };
		ED5CB2551AE4483B0003EF0E /* _FLAuthor.m */ = {isa = PBXFileReference; fileEncoding = 4; lastKnownFileType = sourcecode.c.objc; name = _FLAuthor.m; path = Models/_FLAuthor.m; sourceTree = "<group>"; };
		ED5CB2561AE4483B0003EF0E /* _FLBook.h */ = {isa = PBXFileReference; fileEncoding = 4; lastKnownFileType = sourcecode.c.h; name = _FLBook.h; path = Models/_FLBook.h; sourceTree = "<group>"; };
		ED5CB2571AE4483B0003EF0E /* _FLBook.m */ = {isa = PBXFileReference; fileEncoding = 4; lastKnownFileType = sourcecode.c.objc; name = _FLBook.m; path = Models/_FLBook.m; sourceTree = "<group>"; };
		ED5CB2581AE4483B0003EF0E /* _FLBookDetailAuthor.h */ = {isa = PBXFileReference; fileEncoding = 4; lastKnownFileType = sourcecode.c.h; name = _FLBookDetailAuthor.h; path = Models/_FLBookDetailAuthor.h; sourceTree = "<group>"; };
		ED5CB2591AE4483B0003EF0E /* _FLBookDetailAuthor.m */ = {isa = PBXFileReference; fileEncoding = 4; lastKnownFileType = sourcecode.c.objc; name = _FLBookDetailAuthor.m; path = Models/_FLBookDetailAuthor.m; sourceTree = "<group>"; };
		ED5CB25A1AE4483B0003EF0E /* _FLBookDetailTag.h */ = {isa = PBXFileReference; fileEncoding = 4; lastKnownFileType = sourcecode.c.h; name = _FLBookDetailTag.h; path = Models/_FLBookDetailTag.h; sourceTree = "<group>"; };
		ED5CB25B1AE4483B0003EF0E /* _FLBookDetailTag.m */ = {isa = PBXFileReference; fileEncoding = 4; lastKnownFileType = sourcecode.c.objc; name = _FLBookDetailTag.m; path = Models/_FLBookDetailTag.m; sourceTree = "<group>"; };
		ED5CB25C1AE4483B0003EF0E /* _FLLocation.h */ = {isa = PBXFileReference; fileEncoding = 4; lastKnownFileType = sourcecode.c.h; name = _FLLocation.h; path = Models/_FLLocation.h; sourceTree = "<group>"; };
		ED5CB25D1AE4483B0003EF0E /* _FLLocation.m */ = {isa = PBXFileReference; fileEncoding = 4; lastKnownFileType = sourcecode.c.objc; name = _FLLocation.m; path = Models/_FLLocation.m; sourceTree = "<group>"; };
		ED5CB25E1AE4483B0003EF0E /* _FLPdf.h */ = {isa = PBXFileReference; fileEncoding = 4; lastKnownFileType = sourcecode.c.h; name = _FLPdf.h; path = Models/_FLPdf.h; sourceTree = "<group>"; };
		ED5CB25F1AE4483B0003EF0E /* _FLPdf.m */ = {isa = PBXFileReference; fileEncoding = 4; lastKnownFileType = sourcecode.c.objc; name = _FLPdf.m; path = Models/_FLPdf.m; sourceTree = "<group>"; };
		ED5CB2601AE4483B0003EF0E /* _FLPhoto.h */ = {isa = PBXFileReference; fileEncoding = 4; lastKnownFileType = sourcecode.c.h; name = _FLPhoto.h; path = Models/_FLPhoto.h; sourceTree = "<group>"; };
		ED5CB2611AE4483B0003EF0E /* _FLPhoto.m */ = {isa = PBXFileReference; fileEncoding = 4; lastKnownFileType = sourcecode.c.objc; name = _FLPhoto.m; path = Models/_FLPhoto.m; sourceTree = "<group>"; };
		ED5CB2621AE4483B0003EF0E /* _FLTag.h */ = {isa = PBXFileReference; fileEncoding = 4; lastKnownFileType = sourcecode.c.h; name = _FLTag.h; path = Models/_FLTag.h; sourceTree = "<group>"; };
		ED5CB2631AE4483B0003EF0E /* _FLTag.m */ = {isa = PBXFileReference; fileEncoding = 4; lastKnownFileType = sourcecode.c.objc; name = _FLTag.m; path = Models/_FLTag.m; sourceTree = "<group>"; };
/* End PBXFileReference section */

/* Begin PBXFrameworksBuildPhase section */
		ED12B7501AE3FE72002F536F /* Frameworks */ = {
			isa = PBXFrameworksBuildPhase;
			buildActionMask = 2147483647;
			files = (
			);
			runOnlyForDeploymentPostprocessing = 0;
		};
		ED12B7691AE3FE72002F536F /* Frameworks */ = {
			isa = PBXFrameworksBuildPhase;
			buildActionMask = 2147483647;
			files = (
			);
			runOnlyForDeploymentPostprocessing = 0;
		};
/* End PBXFrameworksBuildPhase section */

/* Begin PBXGroup section */
		ED12B74A1AE3FE72002F536F = {
			isa = PBXGroup;
			children = (
				ED12B7551AE3FE72002F536F /* HackerBooks */,
				ED12B76F1AE3FE72002F536F /* HackerBooksTests */,
				ED12B7541AE3FE72002F536F /* Products */,
			);
			sourceTree = "<group>";
		};
		ED12B7541AE3FE72002F536F /* Products */ = {
			isa = PBXGroup;
			children = (
				ED12B7531AE3FE72002F536F /* HackerBooks.app */,
				ED12B76C1AE3FE72002F536F /* HackerBooksTests.xctest */,
			);
			name = Products;
			sourceTree = "<group>";
		};
		ED12B7551AE3FE72002F536F /* HackerBooks */ = {
			isa = PBXGroup;
			children = (
				ED12B77C1AE40242002F536F /* Models */,
				ED12B75A1AE3FE72002F536F /* AppDelegate.h */,
				ED12B75B1AE3FE72002F536F /* AppDelegate.m */,
				ED12B7631AE3FE72002F536F /* Images.xcassets */,
				ED12B7651AE3FE72002F536F /* LaunchScreen.xib */,
				ED12B7561AE3FE72002F536F /* Supporting Files */,
				ED12B7F61AE4245F002F536F /* Settings.h */,
			);
			path = HackerBooks;
			sourceTree = "<group>";
		};
		ED12B7561AE3FE72002F536F /* Supporting Files */ = {
			isa = PBXGroup;
			children = (
				ED12B7571AE3FE72002F536F /* Info.plist */,
				ED12B7581AE3FE72002F536F /* main.m */,
			);
			name = "Supporting Files";
			sourceTree = "<group>";
		};
		ED12B76F1AE3FE72002F536F /* HackerBooksTests */ = {
			isa = PBXGroup;
			children = (
				ED12B7721AE3FE72002F536F /* HackerBooksTests.m */,
				ED12B7701AE3FE72002F536F /* Supporting Files */,
			);
			path = HackerBooksTests;
			sourceTree = "<group>";
		};
		ED12B7701AE3FE72002F536F /* Supporting Files */ = {
			isa = PBXGroup;
			children = (
				ED12B7711AE3FE72002F536F /* Info.plist */,
			);
			name = "Supporting Files";
			sourceTree = "<group>";
		};
		ED12B77C1AE40242002F536F /* Models */ = {
			isa = PBXGroup;
			children = (
				ED12B82D1AE42F3C002F536F /* Utilities */,
				ED12B7831AE41E69002F536F /* Machine */,
				ED12B8121AE42CD2002F536F /* FLAnnotation.h */,
				ED12B8131AE42CD2002F536F /* FLAnnotation.m */,
				ED12B8141AE42CD2002F536F /* FLAuthor.h */,
				ED12B8151AE42CD2002F536F /* FLAuthor.m */,
				ED12B8161AE42CD2002F536F /* FLBook.h */,
				ED12B8171AE42CD2002F536F /* FLBook.m */,
				ED12B8181AE42CD2002F536F /* FLBookDetailAuthor.h */,
				ED12B8191AE42CD2002F536F /* FLBookDetailAuthor.m */,
				ED12B81A1AE42CD2002F536F /* FLBookDetailTag.h */,
				ED12B81B1AE42CD2002F536F /* FLBookDetailTag.m */,
				ED12B81C1AE42CD2002F536F /* FLLocation.h */,
				ED12B81D1AE42CD2002F536F /* FLLocation.m */,
				ED12B81E1AE42CD2002F536F /* FLPdf.h */,
				ED12B81F1AE42CD2002F536F /* FLPdf.m */,
				ED12B8201AE42CD2002F536F /* FLPhoto.h */,
				ED12B8211AE42CD2002F536F /* FLPhoto.m */,
				ED12B8221AE42CD2002F536F /* FLTag.h */,
				ED12B8231AE42CD2002F536F /* FLTag.m */,
				ED12B77D1AE4025D002F536F /* Model.xcdatamodeld */,
				ED12B7801AE41D20002F536F /* FLHackerBookBaseClass.h */,
				ED12B7811AE41D20002F536F /* FLHackerBookBaseClass.m */,
			);
			name = Models;
			sourceTree = "<group>";
		};
		ED12B7831AE41E69002F536F /* Machine */ = {
			isa = PBXGroup;
			children = (
				ED5CB2521AE4483B0003EF0E /* _FLAnnotation.h */,
				ED5CB2531AE4483B0003EF0E /* _FLAnnotation.m */,
				ED5CB2541AE4483B0003EF0E /* _FLAuthor.h */,
				ED5CB2551AE4483B0003EF0E /* _FLAuthor.m */,
				ED5CB2561AE4483B0003EF0E /* _FLBook.h */,
				ED5CB2571AE4483B0003EF0E /* _FLBook.m */,
				ED5CB2581AE4483B0003EF0E /* _FLBookDetailAuthor.h */,
				ED5CB2591AE4483B0003EF0E /* _FLBookDetailAuthor.m */,
				ED5CB25A1AE4483B0003EF0E /* _FLBookDetailTag.h */,
				ED5CB25B1AE4483B0003EF0E /* _FLBookDetailTag.m */,
				ED5CB25C1AE4483B0003EF0E /* _FLLocation.h */,
				ED5CB25D1AE4483B0003EF0E /* _FLLocation.m */,
				ED5CB25E1AE4483B0003EF0E /* _FLPdf.h */,
				ED5CB25F1AE4483B0003EF0E /* _FLPdf.m */,
				ED5CB2601AE4483B0003EF0E /* _FLPhoto.h */,
				ED5CB2611AE4483B0003EF0E /* _FLPhoto.m */,
				ED5CB2621AE4483B0003EF0E /* _FLTag.h */,
				ED5CB2631AE4483B0003EF0E /* _FLTag.m */,
			);
			name = Machine;
			sourceTree = "<group>";
		};
		ED12B82D1AE42F3C002F536F /* Utilities */ = {
			isa = PBXGroup;
			children = (
				ED12B83A1AE42FB7002F536F /* AGTCoreDataCollectionViewController.h */,
				ED12B83B1AE42FB7002F536F /* AGTCoreDataCollectionViewController.m */,
				ED12B83C1AE42FB7002F536F /* AGTCoreDataStack.h */,
				ED12B83D1AE42FB7002F536F /* AGTCoreDataStack.m */,
				ED12B83E1AE42FB7002F536F /* AGTCoreDataTableViewController.h */,
				ED12B83F1AE42FB7002F536F /* AGTCoreDataTableViewController.m */,
				ED12B8401AE42FB7002F536F /* AGTEntityObserver.h */,
				ED12B8411AE42FB7002F536F /* AGTEntityObserver.m */,
			);
			name = Utilities;
			sourceTree = "<group>";
		};
/* End PBXGroup section */

/* Begin PBXNativeTarget section */
		ED12B7521AE3FE72002F536F /* HackerBooks */ = {
			isa = PBXNativeTarget;
			buildConfigurationList = ED12B7761AE3FE72002F536F /* Build configuration list for PBXNativeTarget "HackerBooks" */;
			buildPhases = (
				ED12B74F1AE3FE72002F536F /* Sources */,
				ED12B7501AE3FE72002F536F /* Frameworks */,
				ED12B7511AE3FE72002F536F /* Resources */,
			);
			buildRules = (
			);
			dependencies = (
			);
			name = HackerBooks;
			productName = HackerBooks;
			productReference = ED12B7531AE3FE72002F536F /* HackerBooks.app */;
			productType = "com.apple.product-type.application";
		};
		ED12B76B1AE3FE72002F536F /* HackerBooksTests */ = {
			isa = PBXNativeTarget;
			buildConfigurationList = ED12B7791AE3FE72002F536F /* Build configuration list for PBXNativeTarget "HackerBooksTests" */;
			buildPhases = (
				ED12B7681AE3FE72002F536F /* Sources */,
				ED12B7691AE3FE72002F536F /* Frameworks */,
				ED12B76A1AE3FE72002F536F /* Resources */,
			);
			buildRules = (
			);
			dependencies = (
				ED12B76E1AE3FE72002F536F /* PBXTargetDependency */,
			);
			name = HackerBooksTests;
			productName = HackerBooksTests;
			productReference = ED12B76C1AE3FE72002F536F /* HackerBooksTests.xctest */;
			productType = "com.apple.product-type.bundle.unit-test";
		};
/* End PBXNativeTarget section */

/* Begin PBXProject section */
		ED12B74B1AE3FE72002F536F /* Project object */ = {
			isa = PBXProject;
			attributes = {
				LastUpgradeCheck = 0630;
				ORGANIZATIONNAME = F3rn4nd0;
				TargetAttributes = {
					ED12B7521AE3FE72002F536F = {
						CreatedOnToolsVersion = 6.3;
					};
					ED12B76B1AE3FE72002F536F = {
						CreatedOnToolsVersion = 6.3;
						TestTargetID = ED12B7521AE3FE72002F536F;
					};
				};
			};
			buildConfigurationList = ED12B74E1AE3FE72002F536F /* Build configuration list for PBXProject "HackerBooks" */;
			compatibilityVersion = "Xcode 3.2";
			developmentRegion = English;
			hasScannedForEncodings = 0;
			knownRegions = (
				en,
				Base,
			);
			mainGroup = ED12B74A1AE3FE72002F536F;
			productRefGroup = ED12B7541AE3FE72002F536F /* Products */;
			projectDirPath = "";
			projectRoot = "";
			targets = (
				ED12B7521AE3FE72002F536F /* HackerBooks */,
				ED12B76B1AE3FE72002F536F /* HackerBooksTests */,
			);
		};
/* End PBXProject section */

/* Begin PBXResourcesBuildPhase section */
		ED12B7511AE3FE72002F536F /* Resources */ = {
			isa = PBXResourcesBuildPhase;
			buildActionMask = 2147483647;
			files = (
				ED12B7671AE3FE72002F536F /* LaunchScreen.xib in Resources */,
				ED12B7641AE3FE72002F536F /* Images.xcassets in Resources */,
			);
			runOnlyForDeploymentPostprocessing = 0;
		};
		ED12B76A1AE3FE72002F536F /* Resources */ = {
			isa = PBXResourcesBuildPhase;
			buildActionMask = 2147483647;
			files = (
			);
			runOnlyForDeploymentPostprocessing = 0;
		};
/* End PBXResourcesBuildPhase section */

/* Begin PBXSourcesBuildPhase section */
		ED12B74F1AE3FE72002F536F /* Sources */ = {
			isa = PBXSourcesBuildPhase;
			buildActionMask = 2147483647;
			files = (
				ED12B8261AE42CD2002F536F /* FLBook.m in Sources */,
				ED12B8291AE42CD2002F536F /* FLLocation.m in Sources */,
				ED12B8241AE42CD2002F536F /* FLAnnotation.m in Sources */,
				ED12B75C1AE3FE72002F536F /* AppDelegate.m in Sources */,
				ED5CB26B1AE4483B0003EF0E /* _FLPhoto.m in Sources */,
				ED12B8441AE42FB7002F536F /* AGTCoreDataTableViewController.m in Sources */,
				ED5CB2691AE4483B0003EF0E /* _FLLocation.m in Sources */,
				ED12B7591AE3FE72002F536F /* main.m in Sources */,
				ED5CB26C1AE4483B0003EF0E /* _FLTag.m in Sources */,
				ED5CB2681AE4483B0003EF0E /* _FLBookDetailTag.m in Sources */,
				ED12B8451AE42FB7002F536F /* AGTEntityObserver.m in Sources */,
				ED12B8421AE42FB7002F536F /* AGTCoreDataCollectionViewController.m in Sources */,
				ED5CB2641AE4483B0003EF0E /* _FLAnnotation.m in Sources */,
				ED12B7821AE41D20002F536F /* FLHackerBookBaseClass.m in Sources */,
				ED5CB2651AE4483B0003EF0E /* _FLAuthor.m in Sources */,
				ED12B82C1AE42CD2002F536F /* FLTag.m in Sources */,
				ED5CB26A1AE4483B0003EF0E /* _FLPdf.m in Sources */,
				ED12B8251AE42CD2002F536F /* FLAuthor.m in Sources */,
				ED12B77F1AE4025D002F536F /* Model.xcdatamodeld in Sources */,
				ED12B8281AE42CD2002F536F /* FLBookDetailTag.m in Sources */,
				ED5CB2671AE4483B0003EF0E /* _FLBookDetailAuthor.m in Sources */,
				ED12B82A1AE42CD2002F536F /* FLPdf.m in Sources */,
				ED5CB2661AE4483B0003EF0E /* _FLBook.m in Sources */,
				ED12B8431AE42FB7002F536F /* AGTCoreDataStack.m in Sources */,
				ED12B8271AE42CD2002F536F /* FLBookDetailAuthor.m in Sources */,
				ED12B82B1AE42CD2002F536F /* FLPhoto.m in Sources */,
			);
			runOnlyForDeploymentPostprocessing = 0;
		};
		ED12B7681AE3FE72002F536F /* Sources */ = {
			isa = PBXSourcesBuildPhase;
			buildActionMask = 2147483647;
			files = (
				ED12B7731AE3FE72002F536F /* HackerBooksTests.m in Sources */,
			);
			runOnlyForDeploymentPostprocessing = 0;
		};
/* End PBXSourcesBuildPhase section */

/* Begin PBXTargetDependency section */
		ED12B76E1AE3FE72002F536F /* PBXTargetDependency */ = {
			isa = PBXTargetDependency;
			target = ED12B7521AE3FE72002F536F /* HackerBooks */;
			targetProxy = ED12B76D1AE3FE72002F536F /* PBXContainerItemProxy */;
		};
/* End PBXTargetDependency section */

/* Begin PBXVariantGroup section */
		ED12B7651AE3FE72002F536F /* LaunchScreen.xib */ = {
			isa = PBXVariantGroup;
			children = (
				ED12B7661AE3FE72002F536F /* Base */,
			);
			name = LaunchScreen.xib;
			sourceTree = "<group>";
		};
/* End PBXVariantGroup section */

/* Begin XCBuildConfiguration section */
		ED12B7741AE3FE72002F536F /* Debug */ = {
			isa = XCBuildConfiguration;
			buildSettings = {
				ALWAYS_SEARCH_USER_PATHS = NO;
				CLANG_CXX_LANGUAGE_STANDARD = "gnu++0x";
				CLANG_CXX_LIBRARY = "libc++";
				CLANG_ENABLE_MODULES = YES;
				CLANG_ENABLE_OBJC_ARC = YES;
				CLANG_WARN_BOOL_CONVERSION = YES;
				CLANG_WARN_CONSTANT_CONVERSION = YES;
				CLANG_WARN_DIRECT_OBJC_ISA_USAGE = YES_ERROR;
				CLANG_WARN_EMPTY_BODY = YES;
				CLANG_WARN_ENUM_CONVERSION = YES;
				CLANG_WARN_INT_CONVERSION = YES;
				CLANG_WARN_OBJC_ROOT_CLASS = YES_ERROR;
				CLANG_WARN_UNREACHABLE_CODE = YES;
				CLANG_WARN__DUPLICATE_METHOD_MATCH = YES;
				"CODE_SIGN_IDENTITY[sdk=iphoneos*]" = "iPhone Developer";
				COPY_PHASE_STRIP = NO;
				DEBUG_INFORMATION_FORMAT = "dwarf-with-dsym";
				ENABLE_STRICT_OBJC_MSGSEND = YES;
				GCC_C_LANGUAGE_STANDARD = gnu99;
				GCC_DYNAMIC_NO_PIC = NO;
				GCC_NO_COMMON_BLOCKS = YES;
				GCC_OPTIMIZATION_LEVEL = 0;
				GCC_PREPROCESSOR_DEFINITIONS = (
					"DEBUG=1",
					"$(inherited)",
				);
				GCC_SYMBOLS_PRIVATE_EXTERN = NO;
				GCC_WARN_64_TO_32_BIT_CONVERSION = YES;
				GCC_WARN_ABOUT_RETURN_TYPE = YES_ERROR;
				GCC_WARN_UNDECLARED_SELECTOR = YES;
				GCC_WARN_UNINITIALIZED_AUTOS = YES_AGGRESSIVE;
				GCC_WARN_UNUSED_FUNCTION = YES;
				GCC_WARN_UNUSED_VARIABLE = YES;
				IPHONEOS_DEPLOYMENT_TARGET = 8.3;
				MTL_ENABLE_DEBUG_INFO = YES;
				ONLY_ACTIVE_ARCH = YES;
				SDKROOT = iphoneos;
				TARGETED_DEVICE_FAMILY = "1,2";
			};
			name = Debug;
		};
		ED12B7751AE3FE72002F536F /* Release */ = {
			isa = XCBuildConfiguration;
			buildSettings = {
				ALWAYS_SEARCH_USER_PATHS = NO;
				CLANG_CXX_LANGUAGE_STANDARD = "gnu++0x";
				CLANG_CXX_LIBRARY = "libc++";
				CLANG_ENABLE_MODULES = YES;
				CLANG_ENABLE_OBJC_ARC = YES;
				CLANG_WARN_BOOL_CONVERSION = YES;
				CLANG_WARN_CONSTANT_CONVERSION = YES;
				CLANG_WARN_DIRECT_OBJC_ISA_USAGE = YES_ERROR;
				CLANG_WARN_EMPTY_BODY = YES;
				CLANG_WARN_ENUM_CONVERSION = YES;
				CLANG_WARN_INT_CONVERSION = YES;
				CLANG_WARN_OBJC_ROOT_CLASS = YES_ERROR;
				CLANG_WARN_UNREACHABLE_CODE = YES;
				CLANG_WARN__DUPLICATE_METHOD_MATCH = YES;
				"CODE_SIGN_IDENTITY[sdk=iphoneos*]" = "iPhone Developer";
				COPY_PHASE_STRIP = NO;
				DEBUG_INFORMATION_FORMAT = "dwarf-with-dsym";
				ENABLE_NS_ASSERTIONS = NO;
				ENABLE_STRICT_OBJC_MSGSEND = YES;
				GCC_C_LANGUAGE_STANDARD = gnu99;
				GCC_NO_COMMON_BLOCKS = YES;
				GCC_WARN_64_TO_32_BIT_CONVERSION = YES;
				GCC_WARN_ABOUT_RETURN_TYPE = YES_ERROR;
				GCC_WARN_UNDECLARED_SELECTOR = YES;
				GCC_WARN_UNINITIALIZED_AUTOS = YES_AGGRESSIVE;
				GCC_WARN_UNUSED_FUNCTION = YES;
				GCC_WARN_UNUSED_VARIABLE = YES;
				IPHONEOS_DEPLOYMENT_TARGET = 8.3;
				MTL_ENABLE_DEBUG_INFO = NO;
				SDKROOT = iphoneos;
				TARGETED_DEVICE_FAMILY = "1,2";
				VALIDATE_PRODUCT = YES;
			};
			name = Release;
		};
		ED12B7771AE3FE72002F536F /* Debug */ = {
			isa = XCBuildConfiguration;
			buildSettings = {
				ASSETCATALOG_COMPILER_APPICON_NAME = AppIcon;
				INFOPLIST_FILE = HackerBooks/Info.plist;
				LD_RUNPATH_SEARCH_PATHS = "$(inherited) @executable_path/Frameworks";
				PRODUCT_NAME = "$(TARGET_NAME)";
			};
			name = Debug;
		};
		ED12B7781AE3FE72002F536F /* Release */ = {
			isa = XCBuildConfiguration;
			buildSettings = {
				ASSETCATALOG_COMPILER_APPICON_NAME = AppIcon;
				INFOPLIST_FILE = HackerBooks/Info.plist;
				LD_RUNPATH_SEARCH_PATHS = "$(inherited) @executable_path/Frameworks";
				PRODUCT_NAME = "$(TARGET_NAME)";
			};
			name = Release;
		};
		ED12B77A1AE3FE72002F536F /* Debug */ = {
			isa = XCBuildConfiguration;
			buildSettings = {
				BUNDLE_LOADER = "$(TEST_HOST)";
				FRAMEWORK_SEARCH_PATHS = (
					"$(SDKROOT)/Developer/Library/Frameworks",
					"$(inherited)",
				);
				GCC_PREPROCESSOR_DEFINITIONS = (
					"DEBUG=1",
					"$(inherited)",
				);
				INFOPLIST_FILE = HackerBooksTests/Info.plist;
				LD_RUNPATH_SEARCH_PATHS = "$(inherited) @executable_path/Frameworks @loader_path/Frameworks";
				PRODUCT_NAME = "$(TARGET_NAME)";
				TEST_HOST = "$(BUILT_PRODUCTS_DIR)/HackerBooks.app/HackerBooks";
			};
			name = Debug;
		};
		ED12B77B1AE3FE72002F536F /* Release */ = {
			isa = XCBuildConfiguration;
			buildSettings = {
				BUNDLE_LOADER = "$(TEST_HOST)";
				FRAMEWORK_SEARCH_PATHS = (
					"$(SDKROOT)/Developer/Library/Frameworks",
					"$(inherited)",
				);
				INFOPLIST_FILE = HackerBooksTests/Info.plist;
				LD_RUNPATH_SEARCH_PATHS = "$(inherited) @executable_path/Frameworks @loader_path/Frameworks";
				PRODUCT_NAME = "$(TARGET_NAME)";
				TEST_HOST = "$(BUILT_PRODUCTS_DIR)/HackerBooks.app/HackerBooks";
			};
			name = Release;
		};
/* End XCBuildConfiguration section */

/* Begin XCConfigurationList section */
		ED12B74E1AE3FE72002F536F /* Build configuration list for PBXProject "HackerBooks" */ = {
			isa = XCConfigurationList;
			buildConfigurations = (
				ED12B7741AE3FE72002F536F /* Debug */,
				ED12B7751AE3FE72002F536F /* Release */,
			);
			defaultConfigurationIsVisible = 0;
			defaultConfigurationName = Release;
		};
		ED12B7761AE3FE72002F536F /* Build configuration list for PBXNativeTarget "HackerBooks" */ = {
			isa = XCConfigurationList;
			buildConfigurations = (
				ED12B7771AE3FE72002F536F /* Debug */,
				ED12B7781AE3FE72002F536F /* Release */,
			);
			defaultConfigurationIsVisible = 0;
			defaultConfigurationName = Release;
		};
		ED12B7791AE3FE72002F536F /* Build configuration list for PBXNativeTarget "HackerBooksTests" */ = {
			isa = XCConfigurationList;
			buildConfigurations = (
				ED12B77A1AE3FE72002F536F /* Debug */,
				ED12B77B1AE3FE72002F536F /* Release */,
			);
			defaultConfigurationIsVisible = 0;
			defaultConfigurationName = Release;
		};
/* End XCConfigurationList section */

/* Begin XCVersionGroup section */
		ED12B77D1AE4025D002F536F /* Model.xcdatamodeld */ = {
			isa = XCVersionGroup;
			children = (
				ED12B77E1AE4025D002F536F /* Model.xcdatamodel */,
			);
			currentVersion = ED12B77E1AE4025D002F536F /* Model.xcdatamodel */;
			name = Model.xcdatamodeld;
			path = Models/Model.xcdatamodeld;
			sourceTree = "<group>";
			versionGroupType = wrapper.xcdatamodel;
		};
/* End XCVersionGroup section */
	};
	rootObject = ED12B74B1AE3FE72002F536F /* Project object */;
}
